{
  "name": "bilisum",
  "version": "1.14.0",
  "lockfileVersion": 3,
  "requires": true,
  "packages": {
    "": {
      "name": "bilisum",
      "version": "1.14.0",
      "license": "MIT",
      "bin": {
        "bilisum": "bin/bilisum.js"
      },
      "engines": {
        "node": ">=18"
      }
    }
  }
}
